
Microsoft Visual Studio Solution File, Format Version 12.00
# Visual Studio Version 17
VisualStudioVersion = 17.9.34622.214
MinimumVisualStudioVersion = 10.0.40219.1
Project("{9A19103F-16F7-4668-BE54-9A1E7A4F7556}") = "ApiGateway", "ApiGateway\ApiGateway.csproj", "{37A699BB-A33C-42CB-B23D-5922797C751B}"
EndProject
Project("{FAE04EC0-301F-11D3-BF4B-00C04F79EFBC}") = "Test", "Test\Test.csproj", "{73A1854D-5138-41CF-BCE7-0921F118E8DE}"
EndProject
Project("{FAE04EC0-301F-11D3-BF4B-00C04F79EFBC}") = "API", "API\API.csproj", "{9D62A844-A2A1-4A4C-90F1-BB7B5A2DE003}"
EndProject
Project("{FAE04EC0-301F-11D3-BF4B-00C04F79EFBC}") = "Contract", "Contract\Contract.csproj", "{1ADC048B-1C4A-49B1-9C77-DE6EA2D78D8E}"
EndProject
Global
	GlobalSection(SolutionConfigurationPlatforms) = preSolution
		Debug|Any CPU = Debug|Any CPU
		Release|Any CPU = Release|Any CPU
	EndGlobalSection
	GlobalSection(ProjectConfigurationPlatforms) = postSolution
		{37A699BB-A33C-42CB-B23D-5922797C751B}.Debug|Any CPU.ActiveCfg = Debug|Any CPU
		{37A699BB-A33C-42CB-B23D-5922797C751B}.Debug|Any CPU.Build.0 = Debug|Any CPU
		{37A699BB-A33C-42CB-B23D-5922797C751B}.Release|Any CPU.ActiveCfg = Release|Any CPU
		{37A699BB-A33C-42CB-B23D-5922797C751B}.Release|Any CPU.Build.0 = Release|Any CPU
		{73A1854D-5138-41CF-BCE7-0921F118E8DE}.Debug|Any CPU.ActiveCfg = Debug|Any CPU
		{73A1854D-5138-41CF-BCE7-0921F118E8DE}.Debug|Any CPU.Build.0 = Debug|Any CPU
		{73A1854D-5138-41CF-BCE7-0921F118E8DE}.Release|Any CPU.ActiveCfg = Release|Any CPU
		{73A1854D-5138-41CF-BCE7-0921F118E8DE}.Release|Any CPU.Build.0 = Release|Any CPU
		{9D62A844-A2A1-4A4C-90F1-BB7B5A2DE003}.Debug|Any CPU.ActiveCfg = Debug|Any CPU
		{9D62A844-A2A1-4A4C-90F1-BB7B5A2DE003}.Debug|Any CPU.Build.0 = Debug|Any CPU
		{9D62A844-A2A1-4A4C-90F1-BB7B5A2DE003}.Release|Any CPU.ActiveCfg = Release|Any CPU
		{9D62A844-A2A1-4A4C-90F1-BB7B5A2DE003}.Release|Any CPU.Build.0 = Release|Any CPU
		{1ADC048B-1C4A-49B1-9C77-DE6EA2D78D8E}.Debug|Any CPU.ActiveCfg = Debug|Any CPU
		{1ADC048B-1C4A-49B1-9C77-DE6EA2D78D8E}.Debug|Any CPU.Build.0 = Debug|Any CPU
		{1ADC048B-1C4A-49B1-9C77-DE6EA2D78D8E}.Release|Any CPU.ActiveCfg = Release|Any CPU
		{1ADC048B-1C4A-49B1-9C77-DE6EA2D78D8E}.Release|Any CPU.Build.0 = Release|Any CPU
	EndGlobalSection
	GlobalSection(SolutionProperties) = preSolution
		HideSolutionNode = FALSE
	EndGlobalSection
	GlobalSection(ExtensibilityGlobals) = postSolution
		SolutionGuid = {D07C071D-CEB2-4A25-8B2D-F78DCB017A1A}
	EndGlobalSection
EndGlobal
